
Microsoft Visual Studio Solution File, Format Version 12.00
# Visual Studio Version 16
VisualStudioVersion = 16.0.33130.400
MinimumVisualStudioVersion = 10.0.40219.1
Project("{FAE04EC0-301F-11D3-BF4B-00C04F79EFBC}") = "Homework17_2", "Homework17_2\Homework17_2.csproj", "{E67DA96E-9D37-43AA-B693-F1F985D8D11E}"
EndProject
Project("{FAE04EC0-301F-11D3-BF4B-00C04F79EFBC}") = "Homework17_3", "Homework17_3\Homework17_3.csproj", "{AA29C45F-E729-4972-8D5A-DB5B70920A84}"
EndProject
Project("{FAE04EC0-301F-11D3-BF4B-00C04F79EFBC}") = "Homework17_5", "Homework17_5\Homework17_5.csproj", "{A1C45883-369A-4B58-A30D-A5D8739BAD62}"
EndProject
Global
	GlobalSection(SolutionConfigurationPlatforms) = preSolution
		Debug|Any CPU = Debug|Any CPU
		Release|Any CPU = Release|Any CPU
	EndGlobalSection
	GlobalSection(ProjectConfigurationPlatforms) = postSolution
		{E67DA96E-9D37-43AA-B693-F1F985D8D11E}.Debug|Any CPU.ActiveCfg = Debug|Any CPU
		{E67DA96E-9D37-43AA-B693-F1F985D8D11E}.Debug|Any CPU.Build.0 = Debug|Any CPU
		{E67DA96E-9D37-43AA-B693-F1F985D8D11E}.Release|Any CPU.ActiveCfg = Release|Any CPU
		{E67DA96E-9D37-43AA-B693-F1F985D8D11E}.Release|Any CPU.Build.0 = Release|Any CPU
		{AA29C45F-E729-4972-8D5A-DB5B70920A84}.Debug|Any CPU.ActiveCfg = Debug|Any CPU
		{AA29C45F-E729-4972-8D5A-DB5B70920A84}.Debug|Any CPU.Build.0 = Debug|Any CPU
		{AA29C45F-E729-4972-8D5A-DB5B70920A84}.Release|Any CPU.ActiveCfg = Release|Any CPU
		{AA29C45F-E729-4972-8D5A-DB5B70920A84}.Release|Any CPU.Build.0 = Release|Any CPU
		{A1C45883-369A-4B58-A30D-A5D8739BAD62}.Debug|Any CPU.ActiveCfg = Debug|Any CPU
		{A1C45883-369A-4B58-A30D-A5D8739BAD62}.Debug|Any CPU.Build.0 = Debug|Any CPU
		{A1C45883-369A-4B58-A30D-A5D8739BAD62}.Release|Any CPU.ActiveCfg = Release|Any CPU
		{A1C45883-369A-4B58-A30D-A5D8739BAD62}.Release|Any CPU.Build.0 = Release|Any CPU
	EndGlobalSection
	GlobalSection(SolutionProperties) = preSolution
		HideSolutionNode = FALSE
	EndGlobalSection
	GlobalSection(ExtensibilityGlobals) = postSolution
		SolutionGuid = {93A9AAD4-7111-4022-A8DA-45FFFA601C05}
	EndGlobalSection
EndGlobal
